
Microsoft Visual Studio Solution File, Format Version 12.00
# Visual Studio 15
VisualStudioVersion = 15.0.27703.2035
MinimumVisualStudioVersion = 10.0.40219.1
Project("{151D2E53-A2C4-4D7D-83FE-D05416EBD58E}") = "AzureResourceGroup", "AzureResourceGroup\AzureResourceGroup.deployproj", "{C6F6F819-0656-4CF1-9B57-2659213EF8A5}"
EndProject
Global
	GlobalSection(SolutionConfigurationPlatforms) = preSolution
		Debug|Any CPU = Debug|Any CPU
		Release|Any CPU = Release|Any CPU
	EndGlobalSection
	GlobalSection(ProjectConfigurationPlatforms) = postSolution
		{C6F6F819-0656-4CF1-9B57-2659213EF8A5}.Debug|Any CPU.ActiveCfg = Debug|Any CPU
		{C6F6F819-0656-4CF1-9B57-2659213EF8A5}.Debug|Any CPU.Build.0 = Debug|Any CPU
		{C6F6F819-0656-4CF1-9B57-2659213EF8A5}.Release|Any CPU.ActiveCfg = Release|Any CPU
		{C6F6F819-0656-4CF1-9B57-2659213EF8A5}.Release|Any CPU.Build.0 = Release|Any CPU
	EndGlobalSection
	GlobalSection(SolutionProperties) = preSolution
		HideSolutionNode = FALSE
	EndGlobalSection
	GlobalSection(ExtensibilityGlobals) = postSolution
		SolutionGuid = {AE1AB8C4-04D1-47EB-9B5A-87F8B92B7F9C}
	EndGlobalSection
EndGlobal
